// !$*UTF8*$!
{
	archiveVersion = 1;
	classes = {
	};
	objectVersion = 46;
	objects = {

/* Begin PBXBuildFile section */
		80CF019A1D8C78B9008FC781 /* main.m in Sources */ = {isa = PBXBuildFile; fileRef = 80CF01991D8C78B9008FC781 /* main.m */; };
		80CF019D1D8C78B9008FC781 /* AppDelegate.m in Sources */ = {isa = PBXBuildFile; fileRef = 80CF019C1D8C78B9008FC781 /* AppDelegate.m */; };
		80CF01A01D8C78B9008FC781 /* MasterViewController.m in Sources */ = {isa = PBXBuildFile; fileRef = 80CF019F1D8C78B9008FC781 /* MasterViewController.m */; };
		80CF01A31D8C78B9008FC781 /* DetailViewController.m in Sources */ = {isa = PBXBuildFile; fileRef = 80CF01A21D8C78B9008FC781 /* DetailViewController.m */; };
		80CF01A61D8C78B9008FC781 /* Main.storyboard in Resources */ = {isa = PBXBuildFile; fileRef = 80CF01A41D8C78B9008FC781 /* Main.storyboard */; };
		80CF01A81D8C78B9008FC781 /* Assets.xcassets in Resources */ = {isa = PBXBuildFile; fileRef = 80CF01A71D8C78B9008FC781 /* Assets.xcassets */; };
		80CF01AB1D8C78B9008FC781 /* LaunchScreen.storyboard in Resources */ = {isa = PBXBuildFile; fileRef = 80CF01A91D8C78B9008FC781 /* LaunchScreen.storyboard */; };
		80CF01B61D8C78B9008FC781 /* Test_NeonTests.m in Sources */ = {isa = PBXBuildFile; fileRef = 80CF01B51D8C78B9008FC781 /* Test_NeonTests.m */; };
/* End PBXBuildFile section */

/* Begin PBXContainerItemProxy section */
		80CF01B21D8C78B9008FC781 /* PBXContainerItemProxy */ = {
			isa = PBXContainerItemProxy;
			containerPortal = 80CF018D1D8C78B9008FC781 /* Project object */;
			proxyType = 1;
			remoteGlobalIDString = 80CF01941D8C78B9008FC781;
			remoteInfo = "Test-Neon";
		};
/* End PBXContainerItemProxy section */

/* Begin PBXFileReference section */
		80CF01951D8C78B9008FC781 /* Test-Neon.app */ = {isa = PBXFileReference; explicitFileType = wrapper.application; includeInIndex = 0; path = "Test-Neon.app"; sourceTree = BUILT_PRODUCTS_DIR; };
		80CF01991D8C78B9008FC781 /* main.m */ = {isa = PBXFileReference; lastKnownFileType = sourcecode.c.objc; path = main.m; sourceTree = "<group>"; };
		80CF019B1D8C78B9008FC781 /* AppDelegate.h */ = {isa = PBXFileReference; lastKnownFileType = sourcecode.c.h; path = AppDelegate.h; sourceTree = "<group>"; };
		80CF019C1D8C78B9008FC781 /* AppDelegate.m */ = {isa = PBXFileReference; lastKnownFileType = sourcecode.c.objc; path = AppDelegate.m; sourceTree = "<group>"; };
		80CF019E1D8C78B9008FC781 /* MasterViewController.h */ = {isa = PBXFileReference; lastKnownFileType = sourcecode.c.h; path = MasterViewController.h; sourceTree = "<group>"; };
		80CF019F1D8C78B9008FC781 /* MasterViewController.m */ = {isa = PBXFileReference; lastKnownFileType = sourcecode.c.objc; path = MasterViewController.m; sourceTree = "<group>"; };
		80CF01A11D8C78B9008FC781 /* DetailViewController.h */ = {isa = PBXFileReference; lastKnownFileType = sourcecode.c.h; path = DetailViewController.h; sourceTree = "<group>"; };
		80CF01A21D8C78B9008FC781 /* DetailViewController.m */ = {isa = PBXFileReference; lastKnownFileType = sourcecode.c.objc; path = DetailViewController.m; sourceTree = "<group>"; };
		80CF01A51D8C78B9008FC781 /* Base */ = {isa = PBXFileReference; lastKnownFileType = file.storyboard; name = Base; path = Base.lproj/Main.storyboard; sourceTree = "<group>"; };
		80CF01A71D8C78B9008FC781 /* Assets.xcassets */ = {isa = PBXFileReference; lastKnownFileType = folder.assetcatalog; path = Assets.xcassets; sourceTree = "<group>"; };
		80CF01AA1D8C78B9008FC781 /* Base */ = {isa = PBXFileReference; lastKnownFileType = file.storyboard; name = Base; path = Base.lproj/LaunchScreen.storyboard; sourceTree = "<group>"; };
		80CF01AC1D8C78B9008FC781 /* Info.plist */ = {isa = PBXFileReference; lastKnownFileType = text.plist.xml; path = Info.plist; sourceTree = "<group>"; };
		80CF01B11D8C78B9008FC781 /* Test-NeonTests.xctest */ = {isa = PBXFileReference; explicitFileType = wrapper.cfbundle; includeInIndex = 0; path = "Test-NeonTests.xctest"; sourceTree = BUILT_PRODUCTS_DIR; };
		80CF01B51D8C78B9008FC781 /* Test_NeonTests.m */ = {isa = PBXFileReference; lastKnownFileType = sourcecode.c.objc; path = Test_NeonTests.m; sourceTree = "<group>"; };
		80CF01B71D8C78B9008FC781 /* Info.plist */ = {isa = PBXFileReference; lastKnownFileType = text.plist.xml; path = Info.plist; sourceTree = "<group>"; };
/* End PBXFileReference section */

/* Begin PBXFrameworksBuildPhase section */
		80CF01921D8C78B9008FC781 /* Frameworks */ = {
			isa = PBXFrameworksBuildPhase;
			buildActionMask = 2147483647;
			files = (
			);
			runOnlyForDeploymentPostprocessing = 0;
		};
		80CF01AE1D8C78B9008FC781 /* Frameworks */ = {
			isa = PBXFrameworksBuildPhase;
			buildActionMask = 2147483647;
			files = (
			);
			runOnlyForDeploymentPostprocessing = 0;
		};
/* End PBXFrameworksBuildPhase section */

/* Begin PBXGroup section */
		80CF018C1D8C78B9008FC781 = {
			isa = PBXGroup;
			children = (
				80CF01971D8C78B9008FC781 /* Test-Neon */,
				80CF01B41D8C78B9008FC781 /* Test-NeonTests */,
				80CF01961D8C78B9008FC781 /* Products */,
			);
			sourceTree = "<group>";
		};
		80CF01961D8C78B9008FC781 /* Products */ = {
			isa = PBXGroup;
			children = (
				80CF01951D8C78B9008FC781 /* Test-Neon.app */,
				80CF01B11D8C78B9008FC781 /* Test-NeonTests.xctest */,
			);
			name = Products;
			sourceTree = "<group>";
		};
		80CF01971D8C78B9008FC781 /* Test-Neon */ = {
			isa = PBXGroup;
			children = (
				80CF019B1D8C78B9008FC781 /* AppDelegate.h */,
				80CF019C1D8C78B9008FC781 /* AppDelegate.m */,
				80CF019E1D8C78B9008FC781 /* MasterViewController.h */,
				80CF019F1D8C78B9008FC781 /* MasterViewController.m */,
				80CF01A11D8C78B9008FC781 /* DetailViewController.h */,
				80CF01A21D8C78B9008FC781 /* DetailViewController.m */,
				80CF01A41D8C78B9008FC781 /* Main.storyboard */,
				80CF01A71D8C78B9008FC781 /* Assets.xcassets */,
				80CF01A91D8C78B9008FC781 /* LaunchScreen.storyboard */,
				80CF01AC1D8C78B9008FC781 /* Info.plist */,
				80CF01981D8C78B9008FC781 /* Supporting Files */,
			);
			path = "Test-Neon";
			sourceTree = "<group>";
		};
		80CF01981D8C78B9008FC781 /* Supporting Files */ = {
			isa = PBXGroup;
			children = (
				80CF01991D8C78B9008FC781 /* main.m */,
			);
			name = "Supporting Files";
			sourceTree = "<group>";
		};
		80CF01B41D8C78B9008FC781 /* Test-NeonTests */ = {
			isa = PBXGroup;
			children = (
				80CF01B51D8C78B9008FC781 /* Test_NeonTests.m */,
				80CF01B71D8C78B9008FC781 /* Info.plist */,
			);
			path = "Test-NeonTests";
			sourceTree = "<group>";
		};
/* End PBXGroup section */

/* Begin PBXNativeTarget section */
		80CF01941D8C78B9008FC781 /* Test-Neon */ = {
			isa = PBXNativeTarget;
			buildConfigurationList = 80CF01BA1D8C78B9008FC781 /* Build configuration list for PBXNativeTarget "Test-Neon" */;
			buildPhases = (
				80CF01911D8C78B9008FC781 /* Sources */,
				80CF01921D8C78B9008FC781 /* Frameworks */,
				80CF01931D8C78B9008FC781 /* Resources */,
			);
			buildRules = (
			);
			dependencies = (
			);
			name = "Test-Neon";
			productName = "Test-Neon";
			productReference = 80CF01951D8C78B9008FC781 /* Test-Neon.app */;
			productType = "com.apple.product-type.application";
		};
		80CF01B01D8C78B9008FC781 /* Test-NeonTests */ = {
			isa = PBXNativeTarget;
			buildConfigurationList = 80CF01BD1D8C78B9008FC781 /* Build configuration list for PBXNativeTarget "Test-NeonTests" */;
			buildPhases = (
				80CF01AD1D8C78B9008FC781 /* Sources */,
				80CF01AE1D8C78B9008FC781 /* Frameworks */,
				80CF01AF1D8C78B9008FC781 /* Resources */,
			);
			buildRules = (
			);
			dependencies = (
				80CF01B31D8C78B9008FC781 /* PBXTargetDependency */,
			);
			name = "Test-NeonTests";
			productName = "Test-NeonTests";
			productReference = 80CF01B11D8C78B9008FC781 /* Test-NeonTests.xctest */;
			productType = "com.apple.product-type.bundle.unit-test";
		};
/* End PBXNativeTarget section */

/* Begin PBXProject section */
		80CF018D1D8C78B9008FC781 /* Project object */ = {
			isa = PBXProject;
			attributes = {
				LastUpgradeCheck = 0730;
				ORGANIZATIONNAME = "Easy Taxi";
				TargetAttributes = {
					80CF01941D8C78B9008FC781 = {
						CreatedOnToolsVersion = 7.3.1;
					};
					80CF01B01D8C78B9008FC781 = {
						CreatedOnToolsVersion = 7.3.1;
						TestTargetID = 80CF01941D8C78B9008FC781;
					};
				};
			};
			buildConfigurationList = 80CF01901D8C78B9008FC781 /* Build configuration list for PBXProject "Test-Neon" */;
			compatibilityVersion = "Xcode 3.2";
			developmentRegion = English;
			hasScannedForEncodings = 0;
			knownRegions = (
				en,
				Base,
			);
			mainGroup = 80CF018C1D8C78B9008FC781;
			productRefGroup = 80CF01961D8C78B9008FC781 /* Products */;
			projectDirPath = "";
			projectRoot = "";
			targets = (
				80CF01941D8C78B9008FC781 /* Test-Neon */,
				80CF01B01D8C78B9008FC781 /* Test-NeonTests */,
			);
		};
/* End PBXProject section */

/* Begin PBXResourcesBuildPhase section */
		80CF01931D8C78B9008FC781 /* Resources */ = {
			isa = PBXResourcesBuildPhase;
			buildActionMask = 2147483647;
			files = (
				80CF01AB1D8C78B9008FC781 /* LaunchScreen.storyboard in Resources */,
				80CF01A81D8C78B9008FC781 /* Assets.xcassets in Resources */,
				80CF01A61D8C78B9008FC781 /* Main.storyboard in Resources */,
			);
			runOnlyForDeploymentPostprocessing = 0;
		};
		80CF01AF1D8C78B9008FC781 /* Resources */ = {
			isa = PBXResourcesBuildPhase;
			buildActionMask = 2147483647;
			files = (
			);
			runOnlyForDeploymentPostprocessing = 0;
		};
/* End PBXResourcesBuildPhase section */

/* Begin PBXSourcesBuildPhase section */
		80CF01911D8C78B9008FC781 /* Sources */ = {
			isa = PBXSourcesBuildPhase;
			buildActionMask = 2147483647;
			files = (
				80CF019D1D8C78B9008FC781 /* AppDelegate.m in Sources */,
				80CF01A01D8C78B9008FC781 /* MasterViewController.m in Sources */,
				80CF019A1D8C78B9008FC781 /* main.m in Sources */,
				80CF01A31D8C78B9008FC781 /* DetailViewController.m in Sources */,
			);
			runOnlyForDeploymentPostprocessing = 0;
		};
		80CF01AD1D8C78B9008FC781 /* Sources */ = {
			isa = PBXSourcesBuildPhase;
			buildActionMask = 2147483647;
			files = (
				80CF01B61D8C78B9008FC781 /* Test_NeonTests.m in Sources */,
			);
			runOnlyForDeploymentPostprocessing = 0;
		};
/* End PBXSourcesBuildPhase section */

/* Begin PBXTargetDependency section */
		80CF01B31D8C78B9008FC781 /* PBXTargetDependency */ = {
			isa = PBXTargetDependency;
			target = 80CF01941D8C78B9008FC781 /* Test-Neon */;
			targetProxy = 80CF01B21D8C78B9008FC781 /* PBXContainerItemProxy */;
		};
/* End PBXTargetDependency section */

/* Begin PBXVariantGroup section */
		80CF01A41D8C78B9008FC781 /* Main.storyboard */ = {
			isa = PBXVariantGroup;
			children = (
				80CF01A51D8C78B9008FC781 /* Base */,
			);
			name = Main.storyboard;
			sourceTree = "<group>";
		};
		80CF01A91D8C78B9008FC781 /* LaunchScreen.storyboard */ = {
			isa = PBXVariantGroup;
			children = (
				80CF01AA1D8C78B9008FC781 /* Base */,
			);
			name = LaunchScreen.storyboard;
			sourceTree = "<group>";
		};
/* End PBXVariantGroup section */

/* Begin XCBuildConfiguration section */
		80CF01B81D8C78B9008FC781 /* Debug */ = {
			isa = XCBuildConfiguration;
			buildSettings = {
				ALWAYS_SEARCH_USER_PATHS = NO;
				CLANG_ANALYZER_NONNULL = YES;
				CLANG_CXX_LANGUAGE_STANDARD = "gnu++0x";
				CLANG_CXX_LIBRARY = "libc++";
				CLANG_ENABLE_MODULES = YES;
				CLANG_ENABLE_OBJC_ARC = YES;
				CLANG_WARN_BOOL_CONVERSION = YES;
				CLANG_WARN_CONSTANT_CONVERSION = YES;
				CLANG_WARN_DIRECT_OBJC_ISA_USAGE = YES_ERROR;
				CLANG_WARN_EMPTY_BODY = YES;
				CLANG_WARN_ENUM_CONVERSION = YES;
				CLANG_WARN_INT_CONVERSION = YES;
				CLANG_WARN_OBJC_ROOT_CLASS = YES_ERROR;
				CLANG_WARN_UNREACHABLE_CODE = YES;
				CLANG_WARN__DUPLICATE_METHOD_MATCH = YES;
				"CODE_SIGN_IDENTITY[sdk=iphoneos*]" = "iPhone Developer";
				COPY_PHASE_STRIP = NO;
				DEBUG_INFORMATION_FORMAT = dwarf;
				ENABLE_STRICT_OBJC_MSGSEND = YES;
				ENABLE_TESTABILITY = YES;
				GCC_C_LANGUAGE_STANDARD = gnu99;
				GCC_DYNAMIC_NO_PIC = NO;
				GCC_NO_COMMON_BLOCKS = YES;
				GCC_OPTIMIZATION_LEVEL = 0;
				GCC_PREPROCESSOR_DEFINITIONS = (
					"DEBUG=1",
					"$(inherited)",
				);
				GCC_WARN_64_TO_32_BIT_CONVERSION = YES;
				GCC_WARN_ABOUT_RETURN_TYPE = YES_ERROR;
				GCC_WARN_UNDECLARED_SELECTOR = YES;
				GCC_WARN_UNINITIALIZED_AUTOS = YES_AGGRESSIVE;
				GCC_WARN_UNUSED_FUNCTION = YES;
				GCC_WARN_UNUSED_VARIABLE = YES;
				IPHONEOS_DEPLOYMENT_TARGET = 9.3;
				MTL_ENABLE_DEBUG_INFO = YES;
				ONLY_ACTIVE_ARCH = YES;
				SDKROOT = iphoneos;
			};
			name = Debug;
		};
		80CF01B91D8C78B9008FC781 /* Release */ = {
			isa = XCBuildConfiguration;
			buildSettings = {
				ALWAYS_SEARCH_USER_PATHS = NO;
				CLANG_ANALYZER_NONNULL = YES;
				CLANG_CXX_LANGUAGE_STANDARD = "gnu++0x";
				CLANG_CXX_LIBRARY = "libc++";
				CLANG_ENABLE_MODULES = YES;
				CLANG_ENABLE_OBJC_ARC = YES;
				CLANG_WARN_BOOL_CONVERSION = YES;
				CLANG_WARN_CONSTANT_CONVERSION = YES;
				CLANG_WARN_DIRECT_OBJC_ISA_USAGE = YES_ERROR;
				CLANG_WARN_EMPTY_BODY = YES;
				CLANG_WARN_ENUM_CONVERSION = YES;
				CLANG_WARN_INT_CONVERSION = YES;
				CLANG_WARN_OBJC_ROOT_CLASS = YES_ERROR;
				CLANG_WARN_UNREACHABLE_CODE = YES;
				CLANG_WARN__DUPLICATE_METHOD_MATCH = YES;
				"CODE_SIGN_IDENTITY[sdk=iphoneos*]" = "iPhone Developer";
				COPY_PHASE_STRIP = NO;
				DEBUG_INFORMATION_FORMAT = "dwarf-with-dsym";
				ENABLE_NS_ASSERTIONS = NO;
				ENABLE_STRICT_OBJC_MSGSEND = YES;
				GCC_C_LANGUAGE_STANDARD = gnu99;
				GCC_NO_COMMON_BLOCKS = YES;
				GCC_WARN_64_TO_32_BIT_CONVERSION = YES;
				GCC_WARN_ABOUT_RETURN_TYPE = YES_ERROR;
				GCC_WARN_UNDECLARED_SELECTOR = YES;
				GCC_WARN_UNINITIALIZED_AUTOS = YES_AGGRESSIVE;
				GCC_WARN_UNUSED_FUNCTION = YES;
				GCC_WARN_UNUSED_VARIABLE = YES;
				IPHONEOS_DEPLOYMENT_TARGET = 9.3;
				MTL_ENABLE_DEBUG_INFO = NO;
				SDKROOT = iphoneos;
				VALIDATE_PRODUCT = YES;
			};
			name = Release;
		};
		80CF01BB1D8C78B9008FC781 /* Debug */ = {
			isa = XCBuildConfiguration;
			buildSettings = {
				ASSETCATALOG_COMPILER_APPICON_NAME = AppIcon;
				INFOPLIST_FILE = "Test-Neon/Info.plist";
				LD_RUNPATH_SEARCH_PATHS = "$(inherited) @executable_path/Frameworks";
				PRODUCT_BUNDLE_IDENTIFIER = "br.com.neon.Test-Neon";
				PRODUCT_NAME = "$(TARGET_NAME)";
			};
			name = Debug;
		};
		80CF01BC1D8C78B9008FC781 /* Release */ = {
			isa = XCBuildConfiguration;
			buildSettings = {
				ASSETCATALOG_COMPILER_APPICON_NAME = AppIcon;
				INFOPLIST_FILE = "Test-Neon/Info.plist";
				LD_RUNPATH_SEARCH_PATHS = "$(inherited) @executable_path/Frameworks";
				PRODUCT_BUNDLE_IDENTIFIER = "br.com.neon.Test-Neon";
				PRODUCT_NAME = "$(TARGET_NAME)";
			};
			name = Release;
		};
		80CF01BE1D8C78B9008FC781 /* Debug */ = {
			isa = XCBuildConfiguration;
			buildSettings = {
				BUNDLE_LOADER = "$(TEST_HOST)";
				INFOPLIST_FILE = "Test-NeonTests/Info.plist";
				LD_RUNPATH_SEARCH_PATHS = "$(inherited) @executable_path/Frameworks @loader_path/Frameworks";
				PRODUCT_BUNDLE_IDENTIFIER = "br.com.neon.Test-NeonTests";
				PRODUCT_NAME = "$(TARGET_NAME)";
				TEST_HOST = "$(BUILT_PRODUCTS_DIR)/Test-Neon.app/Test-Neon";
			};
			name = Debug;
		};
		80CF01BF1D8C78B9008FC781 /* Release */ = {
			isa = XCBuildConfiguration;
			buildSettings = {
				BUNDLE_LOADER = "$(TEST_HOST)";
				INFOPLIST_FILE = "Test-NeonTests/Info.plist";
				LD_RUNPATH_SEARCH_PATHS = "$(inherited) @executable_path/Frameworks @loader_path/Frameworks";
				PRODUCT_BUNDLE_IDENTIFIER = "br.com.neon.Test-NeonTests";
				PRODUCT_NAME = "$(TARGET_NAME)";
				TEST_HOST = "$(BUILT_PRODUCTS_DIR)/Test-Neon.app/Test-Neon";
			};
			name = Release;
		};
/* End XCBuildConfiguration section */

/* Begin XCConfigurationList section */
		80CF01901D8C78B9008FC781 /* Build configuration list for PBXProject "Test-Neon" */ = {
			isa = XCConfigurationList;
			buildConfigurations = (
				80CF01B81D8C78B9008FC781 /* Debug */,
				80CF01B91D8C78B9008FC781 /* Release */,
			);
			defaultConfigurationIsVisible = 0;
			defaultConfigurationName = Release;
		};
		80CF01BA1D8C78B9008FC781 /* Build configuration list for PBXNativeTarget "Test-Neon" */ = {
			isa = XCConfigurationList;
			buildConfigurations = (
				80CF01BB1D8C78B9008FC781 /* Debug */,
				80CF01BC1D8C78B9008FC781 /* Release */,
			);
			defaultConfigurationIsVisible = 0;
		};
		80CF01BD1D8C78B9008FC781 /* Build configuration list for PBXNativeTarget "Test-NeonTests" */ = {
			isa = XCConfigurationList;
			buildConfigurations = (
				80CF01BE1D8C78B9008FC781 /* Debug */,
				80CF01BF1D8C78B9008FC781 /* Release */,
			);
			defaultConfigurationIsVisible = 0;
		};
/* End XCConfigurationList section */
	};
	rootObject = 80CF018D1D8C78B9008FC781 /* Project object */;
}
